
Microsoft Visual Studio Solution File, Format Version 12.00
# Visual Studio 2012
Project("{FAE04EC0-301F-11D3-BF4B-00C04F79EFBC}") = "Развлетвляющиеся алгоритмы", "Развлетвляющиеся алгоритмы\Развлетвляющиеся алгоритмы.csproj", "{CA0D852D-642C-48DF-A91A-81DB1F6B878A}"
EndProject
Global
	GlobalSection(SolutionConfigurationPlatforms) = preSolution
		Debug|Any CPU = Debug|Any CPU
		Release|Any CPU = Release|Any CPU
	EndGlobalSection
	GlobalSection(ProjectConfigurationPlatforms) = postSolution
		{CA0D852D-642C-48DF-A91A-81DB1F6B878A}.Debug|Any CPU.ActiveCfg = Debug|Any CPU
		{CA0D852D-642C-48DF-A91A-81DB1F6B878A}.Debug|Any CPU.Build.0 = Debug|Any CPU
		{CA0D852D-642C-48DF-A91A-81DB1F6B878A}.Release|Any CPU.ActiveCfg = Release|Any CPU
		{CA0D852D-642C-48DF-A91A-81DB1F6B878A}.Release|Any CPU.Build.0 = Release|Any CPU
	EndGlobalSection
	GlobalSection(SolutionProperties) = preSolution
		HideSolutionNode = FALSE
	EndGlobalSection
EndGlobal
