
Microsoft Visual Studio Solution File, Format Version 12.00
# Visual Studio 2012
Project("{FAE04EC0-301F-11D3-BF4B-00C04F79EFBC}") = "Интерфейс списка", "Интерфейс списка\Интерфейс списка.csproj", "{1A51B242-49AC-44AF-8585-A6C1FD8E46B0}"
EndProject
Global
	GlobalSection(SolutionConfigurationPlatforms) = preSolution
		Debug|Any CPU = Debug|Any CPU
		Release|Any CPU = Release|Any CPU
	EndGlobalSection
	GlobalSection(ProjectConfigurationPlatforms) = postSolution
		{1A51B242-49AC-44AF-8585-A6C1FD8E46B0}.Debug|Any CPU.ActiveCfg = Debug|Any CPU
		{1A51B242-49AC-44AF-8585-A6C1FD8E46B0}.Debug|Any CPU.Build.0 = Debug|Any CPU
		{1A51B242-49AC-44AF-8585-A6C1FD8E46B0}.Release|Any CPU.ActiveCfg = Release|Any CPU
		{1A51B242-49AC-44AF-8585-A6C1FD8E46B0}.Release|Any CPU.Build.0 = Release|Any CPU
	EndGlobalSection
	GlobalSection(SolutionProperties) = preSolution
		HideSolutionNode = FALSE
	EndGlobalSection
EndGlobal
